
Microsoft Visual Studio Solution File, Format Version 12.00
# Visual Studio Version 17
VisualStudioVersion = 17.8.34004.107
MinimumVisualStudioVersion = 10.0.40219.1
Project("{9A19103F-16F7-4668-BE54-9A1E7A4F7556}") = "WebAPI", "WebAPI\WebAPI.csproj", "{BB4F2A25-9FA4-40CF-8E3B-73DF4448551A}"
EndProject
Project("{9A19103F-16F7-4668-BE54-9A1E7A4F7556}") = "Persistence", "Persistence\Persistence.csproj", "{34907617-4242-4BCB-8306-5522C649CCBD}"
EndProject
Project("{9A19103F-16F7-4668-BE54-9A1E7A4F7556}") = "Domain", "Domain\Domain.csproj", "{AE71D3F5-0108-4819-B083-6BDC44824B24}"
EndProject
Project("{9A19103F-16F7-4668-BE54-9A1E7A4F7556}") = "Application", "Application\Application.csproj", "{22D800D9-C6E9-43E1-91E6-FB8B2EA527B9}"
EndProject
Project("{9A19103F-16F7-4668-BE54-9A1E7A4F7556}") = "Infrastructure", "Infrastructure\Infrastructure.csproj", "{773ED938-2EBD-43BD-8DB0-9CE4C29BED45}"
EndProject
Global
	GlobalSection(SolutionConfigurationPlatforms) = preSolution
		Debug|Any CPU = Debug|Any CPU
		Release|Any CPU = Release|Any CPU
	EndGlobalSection
	GlobalSection(ProjectConfigurationPlatforms) = postSolution
		{BB4F2A25-9FA4-40CF-8E3B-73DF4448551A}.Debug|Any CPU.ActiveCfg = Debug|Any CPU
		{BB4F2A25-9FA4-40CF-8E3B-73DF4448551A}.Debug|Any CPU.Build.0 = Debug|Any CPU
		{BB4F2A25-9FA4-40CF-8E3B-73DF4448551A}.Release|Any CPU.ActiveCfg = Release|Any CPU
		{BB4F2A25-9FA4-40CF-8E3B-73DF4448551A}.Release|Any CPU.Build.0 = Release|Any CPU
		{34907617-4242-4BCB-8306-5522C649CCBD}.Debug|Any CPU.ActiveCfg = Debug|Any CPU
		{34907617-4242-4BCB-8306-5522C649CCBD}.Debug|Any CPU.Build.0 = Debug|Any CPU
		{34907617-4242-4BCB-8306-5522C649CCBD}.Release|Any CPU.ActiveCfg = Release|Any CPU
		{34907617-4242-4BCB-8306-5522C649CCBD}.Release|Any CPU.Build.0 = Release|Any CPU
		{AE71D3F5-0108-4819-B083-6BDC44824B24}.Debug|Any CPU.ActiveCfg = Debug|Any CPU
		{AE71D3F5-0108-4819-B083-6BDC44824B24}.Debug|Any CPU.Build.0 = Debug|Any CPU
		{AE71D3F5-0108-4819-B083-6BDC44824B24}.Release|Any CPU.ActiveCfg = Release|Any CPU
		{AE71D3F5-0108-4819-B083-6BDC44824B24}.Release|Any CPU.Build.0 = Release|Any CPU
		{22D800D9-C6E9-43E1-91E6-FB8B2EA527B9}.Debug|Any CPU.ActiveCfg = Debug|Any CPU
		{22D800D9-C6E9-43E1-91E6-FB8B2EA527B9}.Debug|Any CPU.Build.0 = Debug|Any CPU
		{22D800D9-C6E9-43E1-91E6-FB8B2EA527B9}.Release|Any CPU.ActiveCfg = Release|Any CPU
		{22D800D9-C6E9-43E1-91E6-FB8B2EA527B9}.Release|Any CPU.Build.0 = Release|Any CPU
		{773ED938-2EBD-43BD-8DB0-9CE4C29BED45}.Debug|Any CPU.ActiveCfg = Debug|Any CPU
		{773ED938-2EBD-43BD-8DB0-9CE4C29BED45}.Debug|Any CPU.Build.0 = Debug|Any CPU
		{773ED938-2EBD-43BD-8DB0-9CE4C29BED45}.Release|Any CPU.ActiveCfg = Release|Any CPU
		{773ED938-2EBD-43BD-8DB0-9CE4C29BED45}.Release|Any CPU.Build.0 = Release|Any CPU
	EndGlobalSection
	GlobalSection(SolutionProperties) = preSolution
		HideSolutionNode = FALSE
	EndGlobalSection
	GlobalSection(ExtensibilityGlobals) = postSolution
		SolutionGuid = {8EDBF87E-5669-4AC7-9C19-58AC80212C0C}
	EndGlobalSection
EndGlobal
